
Microsoft Visual Studio Solution File, Format Version 12.00
# Visual Studio Version 16
VisualStudioVersion = 16.0.29709.97
MinimumVisualStudioVersion = 10.0.40219.1
Project("{FAE04EC0-301F-11D3-BF4B-00C04F79EFBC}") = "Common.Lib", "Common.Lib\Common.Lib.csproj", "{131B43CB-A8B7-4C8E-90BE-3C407764A939}"
EndProject
Project("{FAE04EC0-301F-11D3-BF4B-00C04F79EFBC}") = "Common.Lib.Client", "Common.Lib.Client\Common.Lib.Client.csproj", "{1AE4AA6C-E33C-46A3-BF4B-98689747DFA2}"
EndProject
Project("{FAE04EC0-301F-11D3-BF4B-00C04F79EFBC}") = "Common.Lib.DAL.EFCore", "Common.Lib.DAL.EFCore\Common.Lib.DAL.EFCore.csproj", "{6A70F815-40E5-4564-A469-AC359CE782E4}"
EndProject
Global
	GlobalSection(SolutionConfigurationPlatforms) = preSolution
		Debug|Any CPU = Debug|Any CPU
		Release|Any CPU = Release|Any CPU
	EndGlobalSection
	GlobalSection(ProjectConfigurationPlatforms) = postSolution
		{131B43CB-A8B7-4C8E-90BE-3C407764A939}.Debug|Any CPU.ActiveCfg = Debug|Any CPU
		{131B43CB-A8B7-4C8E-90BE-3C407764A939}.Debug|Any CPU.Build.0 = Debug|Any CPU
		{131B43CB-A8B7-4C8E-90BE-3C407764A939}.Release|Any CPU.ActiveCfg = Release|Any CPU
		{131B43CB-A8B7-4C8E-90BE-3C407764A939}.Release|Any CPU.Build.0 = Release|Any CPU
		{1AE4AA6C-E33C-46A3-BF4B-98689747DFA2}.Debug|Any CPU.ActiveCfg = Debug|Any CPU
		{1AE4AA6C-E33C-46A3-BF4B-98689747DFA2}.Debug|Any CPU.Build.0 = Debug|Any CPU
		{1AE4AA6C-E33C-46A3-BF4B-98689747DFA2}.Release|Any CPU.ActiveCfg = Release|Any CPU
		{1AE4AA6C-E33C-46A3-BF4B-98689747DFA2}.Release|Any CPU.Build.0 = Release|Any CPU
		{6A70F815-40E5-4564-A469-AC359CE782E4}.Debug|Any CPU.ActiveCfg = Debug|Any CPU
		{6A70F815-40E5-4564-A469-AC359CE782E4}.Debug|Any CPU.Build.0 = Debug|Any CPU
		{6A70F815-40E5-4564-A469-AC359CE782E4}.Release|Any CPU.ActiveCfg = Release|Any CPU
		{6A70F815-40E5-4564-A469-AC359CE782E4}.Release|Any CPU.Build.0 = Release|Any CPU
	EndGlobalSection
	GlobalSection(SolutionProperties) = preSolution
		HideSolutionNode = FALSE
	EndGlobalSection
	GlobalSection(ExtensibilityGlobals) = postSolution
		SolutionGuid = {2999B854-1C42-4DDE-82F9-AECF5857E4B1}
	EndGlobalSection
EndGlobal
